// !$*UTF8*$!
{
	archiveVersion = 1;
	classes = {
	};
	objectVersion = 55;
	objects = {

/* Begin PBXBuildFile section */
		98769FB928B8A77700DE421F /* AppDelegate.swift in Sources */ = {isa = PBXBuildFile; fileRef = 98769FB828B8A77700DE421F /* AppDelegate.swift */; };
		98769FBB28B8A77700DE421F /* SceneDelegate.swift in Sources */ = {isa = PBXBuildFile; fileRef = 98769FBA28B8A77700DE421F /* SceneDelegate.swift */; };
		98769FBD28B8A77700DE421F /* ViewController.swift in Sources */ = {isa = PBXBuildFile; fileRef = 98769FBC28B8A77700DE421F /* ViewController.swift */; };
		98769FC028B8A77700DE421F /* Main.storyboard in Resources */ = {isa = PBXBuildFile; fileRef = 98769FBE28B8A77700DE421F /* Main.storyboard */; };
		98769FC228B8A77900DE421F /* Assets.xcassets in Resources */ = {isa = PBXBuildFile; fileRef = 98769FC128B8A77900DE421F /* Assets.xcassets */; };
		98769FC528B8A77900DE421F /* LaunchScreen.storyboard in Resources */ = {isa = PBXBuildFile; fileRef = 98769FC328B8A77900DE421F /* LaunchScreen.storyboard */; };
		98769FF128B901E600DE421F /* SignUpViewController.swift in Sources */ = {isa = PBXBuildFile; fileRef = 98769FF028B901E600DE421F /* SignUpViewController.swift */; };
		98E8749A28E43D1800F72435 /* SnapKit in Frameworks */ = {isa = PBXBuildFile; productRef = 98E8749928E43D1800F72435 /* SnapKit */; };
		98E8749D28E43EDE00F72435 /* BaseViewController.swift in Sources */ = {isa = PBXBuildFile; fileRef = 98E8749C28E43EDD00F72435 /* BaseViewController.swift */; };
		98E874A528E44BC600F72435 /* FirstViewController.swift in Sources */ = {isa = PBXBuildFile; fileRef = 98E874A428E44BC600F72435 /* FirstViewController.swift */; };
		98E874A728E44C5D00F72435 /* CategoryButtonView.swift in Sources */ = {isa = PBXBuildFile; fileRef = 98E874A628E44C5D00F72435 /* CategoryButtonView.swift */; };
		98E874A928E44C8C00F72435 /* PreviewImageView.swift in Sources */ = {isa = PBXBuildFile; fileRef = 98E874A828E44C8C00F72435 /* PreviewImageView.swift */; };
		98E874AC28E45F5F00F72435 /* CustomLabel.swift in Sources */ = {isa = PBXBuildFile; fileRef = 98E874AB28E45F5F00F72435 /* CustomLabel.swift */; };
		98E874AE28E460C800F72435 /* BaseView.swift in Sources */ = {isa = PBXBuildFile; fileRef = 98E874AD28E460C800F72435 /* BaseView.swift */; };
		98E874B028E461E200F72435 /* FirstView.swift in Sources */ = {isa = PBXBuildFile; fileRef = 98E874AF28E461E200F72435 /* FirstView.swift */; };
/* End PBXBuildFile section */

/* Begin PBXFileReference section */
		98769FB528B8A77700DE421F /* Netflix_Assignment.app */ = {isa = PBXFileReference; explicitFileType = wrapper.application; includeInIndex = 0; path = Netflix_Assignment.app; sourceTree = BUILT_PRODUCTS_DIR; };
		98769FB828B8A77700DE421F /* AppDelegate.swift */ = {isa = PBXFileReference; lastKnownFileType = sourcecode.swift; path = AppDelegate.swift; sourceTree = "<group>"; };
		98769FBA28B8A77700DE421F /* SceneDelegate.swift */ = {isa = PBXFileReference; lastKnownFileType = sourcecode.swift; path = SceneDelegate.swift; sourceTree = "<group>"; };
		98769FBC28B8A77700DE421F /* ViewController.swift */ = {isa = PBXFileReference; lastKnownFileType = sourcecode.swift; path = ViewController.swift; sourceTree = "<group>"; };
		98769FBF28B8A77700DE421F /* Base */ = {isa = PBXFileReference; lastKnownFileType = file.storyboard; name = Base; path = Base.lproj/Main.storyboard; sourceTree = "<group>"; };
		98769FC128B8A77900DE421F /* Assets.xcassets */ = {isa = PBXFileReference; lastKnownFileType = folder.assetcatalog; path = Assets.xcassets; sourceTree = "<group>"; };
		98769FC428B8A77900DE421F /* Base */ = {isa = PBXFileReference; lastKnownFileType = file.storyboard; name = Base; path = Base.lproj/LaunchScreen.storyboard; sourceTree = "<group>"; };
		98769FC628B8A77900DE421F /* Info.plist */ = {isa = PBXFileReference; lastKnownFileType = text.plist.xml; path = Info.plist; sourceTree = "<group>"; };
		98769FF028B901E600DE421F /* SignUpViewController.swift */ = {isa = PBXFileReference; lastKnownFileType = sourcecode.swift; path = SignUpViewController.swift; sourceTree = "<group>"; };
		98E8749C28E43EDD00F72435 /* BaseViewController.swift */ = {isa = PBXFileReference; lastKnownFileType = sourcecode.swift; path = BaseViewController.swift; sourceTree = "<group>"; };
		98E874A428E44BC600F72435 /* FirstViewController.swift */ = {isa = PBXFileReference; lastKnownFileType = sourcecode.swift; path = FirstViewController.swift; sourceTree = "<group>"; };
		98E874A628E44C5D00F72435 /* CategoryButtonView.swift */ = {isa = PBXFileReference; lastKnownFileType = sourcecode.swift; path = CategoryButtonView.swift; sourceTree = "<group>"; };
		98E874A828E44C8C00F72435 /* PreviewImageView.swift */ = {isa = PBXFileReference; lastKnownFileType = sourcecode.swift; path = PreviewImageView.swift; sourceTree = "<group>"; };
		98E874AB28E45F5F00F72435 /* CustomLabel.swift */ = {isa = PBXFileReference; lastKnownFileType = sourcecode.swift; path = CustomLabel.swift; sourceTree = "<group>"; };
		98E874AD28E460C800F72435 /* BaseView.swift */ = {isa = PBXFileReference; lastKnownFileType = sourcecode.swift; path = BaseView.swift; sourceTree = "<group>"; };
		98E874AF28E461E200F72435 /* FirstView.swift */ = {isa = PBXFileReference; lastKnownFileType = sourcecode.swift; path = FirstView.swift; sourceTree = "<group>"; };
/* End PBXFileReference section */

/* Begin PBXFrameworksBuildPhase section */
		98769FB228B8A77700DE421F /* Frameworks */ = {
			isa = PBXFrameworksBuildPhase;
			buildActionMask = 2147483647;
			files = (
				98E8749A28E43D1800F72435 /* SnapKit in Frameworks */,
			);
			runOnlyForDeploymentPostprocessing = 0;
		};
/* End PBXFrameworksBuildPhase section */

/* Begin PBXGroup section */
		98769FAC28B8A77700DE421F = {
			isa = PBXGroup;
			children = (
				98769FB728B8A77700DE421F /* Netflix_Assignment */,
				98769FB628B8A77700DE421F /* Products */,
			);
			sourceTree = "<group>";
		};
		98769FB628B8A77700DE421F /* Products */ = {
			isa = PBXGroup;
			children = (
				98769FB528B8A77700DE421F /* Netflix_Assignment.app */,
			);
			name = Products;
			sourceTree = "<group>";
		};
		98769FB728B8A77700DE421F /* Netflix_Assignment */ = {
			isa = PBXGroup;
			children = (
				98E8749528E43BCC00F72435 /* CodeBase */,
				98769FB828B8A77700DE421F /* AppDelegate.swift */,
				98769FBA28B8A77700DE421F /* SceneDelegate.swift */,
				98769FBC28B8A77700DE421F /* ViewController.swift */,
				98769FBE28B8A77700DE421F /* Main.storyboard */,
				98769FF028B901E600DE421F /* SignUpViewController.swift */,
				98769FC128B8A77900DE421F /* Assets.xcassets */,
				98769FC328B8A77900DE421F /* LaunchScreen.storyboard */,
				98769FC628B8A77900DE421F /* Info.plist */,
			);
			path = Netflix_Assignment;
			sourceTree = "<group>";
		};
		98E8749528E43BCC00F72435 /* CodeBase */ = {
			isa = PBXGroup;
			children = (
				98E874AA28E44CB000F72435 /* Custom View */,
				98E874A428E44BC600F72435 /* FirstViewController.swift */,
				98E874AF28E461E200F72435 /* FirstView.swift */,
				98E8749C28E43EDD00F72435 /* BaseViewController.swift */,
				98E874AD28E460C800F72435 /* BaseView.swift */,
			);
			path = CodeBase;
			sourceTree = "<group>";
		};
		98E874AA28E44CB000F72435 /* Custom View */ = {
			isa = PBXGroup;
			children = (
				98E874A828E44C8C00F72435 /* PreviewImageView.swift */,
				98E874A628E44C5D00F72435 /* CategoryButtonView.swift */,
				98E874AB28E45F5F00F72435 /* CustomLabel.swift */,
			);
			path = "Custom View";
			sourceTree = "<group>";
		};
/* End PBXGroup section */

/* Begin PBXNativeTarget section */
		98769FB428B8A77700DE421F /* Netflix_Assignment */ = {
			isa = PBXNativeTarget;
			buildConfigurationList = 98769FC928B8A77900DE421F /* Build configuration list for PBXNativeTarget "Netflix_Assignment" */;
			buildPhases = (
				98769FB128B8A77700DE421F /* Sources */,
				98769FB228B8A77700DE421F /* Frameworks */,
				98769FB328B8A77700DE421F /* Resources */,
			);
			buildRules = (
			);
			dependencies = (
			);
			name = Netflix_Assignment;
			packageProductDependencies = (
				98E8749928E43D1800F72435 /* SnapKit */,
			);
			productName = Netflix_Assignment;
			productReference = 98769FB528B8A77700DE421F /* Netflix_Assignment.app */;
			productType = "com.apple.product-type.application";
		};
/* End PBXNativeTarget section */

/* Begin PBXProject section */
		98769FAD28B8A77700DE421F /* Project object */ = {
			isa = PBXProject;
			attributes = {
				BuildIndependentTargetsInParallel = 1;
				LastSwiftUpdateCheck = 1340;
				LastUpgradeCheck = 1340;
				TargetAttributes = {
					98769FB428B8A77700DE421F = {
						CreatedOnToolsVersion = 13.4.1;
					};
				};
			};
			buildConfigurationList = 98769FB028B8A77700DE421F /* Build configuration list for PBXProject "Netflix_Assignment" */;
			compatibilityVersion = "Xcode 13.0";
			developmentRegion = en;
			hasScannedForEncodings = 0;
			knownRegions = (
				en,
				Base,
			);
			mainGroup = 98769FAC28B8A77700DE421F;
			packageReferences = (
				98E8749828E43D1800F72435 /* XCRemoteSwiftPackageReference "SnapKit" */,
			);
			productRefGroup = 98769FB628B8A77700DE421F /* Products */;
			projectDirPath = "";
			projectRoot = "";
			targets = (
				98769FB428B8A77700DE421F /* Netflix_Assignment */,
			);
		};
/* End PBXProject section */

/* Begin PBXResourcesBuildPhase section */
		98769FB328B8A77700DE421F /* Resources */ = {
			isa = PBXResourcesBuildPhase;
			buildActionMask = 2147483647;
			files = (
				98769FC528B8A77900DE421F /* LaunchScreen.storyboard in Resources */,
				98769FC228B8A77900DE421F /* Assets.xcassets in Resources */,
				98769FC028B8A77700DE421F /* Main.storyboard in Resources */,
			);
			runOnlyForDeploymentPostprocessing = 0;
		};
/* End PBXResourcesBuildPhase section */

/* Begin PBXSourcesBuildPhase section */
		98769FB128B8A77700DE421F /* Sources */ = {
			isa = PBXSourcesBuildPhase;
			buildActionMask = 2147483647;
			files = (
				98769FBD28B8A77700DE421F /* ViewController.swift in Sources */,
				98E874AC28E45F5F00F72435 /* CustomLabel.swift in Sources */,
				98E874A928E44C8C00F72435 /* PreviewImageView.swift in Sources */,
				98769FB928B8A77700DE421F /* AppDelegate.swift in Sources */,
				98E8749D28E43EDE00F72435 /* BaseViewController.swift in Sources */,
				98E874A728E44C5D00F72435 /* CategoryButtonView.swift in Sources */,
				98E874A528E44BC600F72435 /* FirstViewController.swift in Sources */,
				98E874AE28E460C800F72435 /* BaseView.swift in Sources */,
				98769FF128B901E600DE421F /* SignUpViewController.swift in Sources */,
				98E874B028E461E200F72435 /* FirstView.swift in Sources */,
				98769FBB28B8A77700DE421F /* SceneDelegate.swift in Sources */,
			);
			runOnlyForDeploymentPostprocessing = 0;
		};
/* End PBXSourcesBuildPhase section */

/* Begin PBXVariantGroup section */
		98769FBE28B8A77700DE421F /* Main.storyboard */ = {
			isa = PBXVariantGroup;
			children = (
				98769FBF28B8A77700DE421F /* Base */,
			);
			name = Main.storyboard;
			sourceTree = "<group>";
		};
		98769FC328B8A77900DE421F /* LaunchScreen.storyboard */ = {
			isa = PBXVariantGroup;
			children = (
				98769FC428B8A77900DE421F /* Base */,
			);
			name = LaunchScreen.storyboard;
			sourceTree = "<group>";
		};
/* End PBXVariantGroup section */

/* Begin XCBuildConfiguration section */
		98769FC728B8A77900DE421F /* Debug */ = {
			isa = XCBuildConfiguration;
			buildSettings = {
				ALWAYS_SEARCH_USER_PATHS = NO;
				CLANG_ANALYZER_NONNULL = YES;
				CLANG_ANALYZER_NUMBER_OBJECT_CONVERSION = YES_AGGRESSIVE;
				CLANG_CXX_LANGUAGE_STANDARD = "gnu++17";
				CLANG_ENABLE_MODULES = YES;
				CLANG_ENABLE_OBJC_ARC = YES;
				CLANG_ENABLE_OBJC_WEAK = YES;
				CLANG_WARN_BLOCK_CAPTURE_AUTORELEASING = YES;
				CLANG_WARN_BOOL_CONVERSION = YES;
				CLANG_WARN_COMMA = YES;
				CLANG_WARN_CONSTANT_CONVERSION = YES;
				CLANG_WARN_DEPRECATED_OBJC_IMPLEMENTATIONS = YES;
				CLANG_WARN_DIRECT_OBJC_ISA_USAGE = YES_ERROR;
				CLANG_WARN_DOCUMENTATION_COMMENTS = YES;
				CLANG_WARN_EMPTY_BODY = YES;
				CLANG_WARN_ENUM_CONVERSION = YES;
				CLANG_WARN_INFINITE_RECURSION = YES;
				CLANG_WARN_INT_CONVERSION = YES;
				CLANG_WARN_NON_LITERAL_NULL_CONVERSION = YES;
				CLANG_WARN_OBJC_IMPLICIT_RETAIN_SELF = YES;
				CLANG_WARN_OBJC_LITERAL_CONVERSION = YES;
				CLANG_WARN_OBJC_ROOT_CLASS = YES_ERROR;
				CLANG_WARN_QUOTED_INCLUDE_IN_FRAMEWORK_HEADER = YES;
				CLANG_WARN_RANGE_LOOP_ANALYSIS = YES;
				CLANG_WARN_STRICT_PROTOTYPES = YES;
				CLANG_WARN_SUSPICIOUS_MOVE = YES;
				CLANG_WARN_UNGUARDED_AVAILABILITY = YES_AGGRESSIVE;
				CLANG_WARN_UNREACHABLE_CODE = YES;
				CLANG_WARN__DUPLICATE_METHOD_MATCH = YES;
				COPY_PHASE_STRIP = NO;
				DEBUG_INFORMATION_FORMAT = dwarf;
				ENABLE_STRICT_OBJC_MSGSEND = YES;
				ENABLE_TESTABILITY = YES;
				GCC_C_LANGUAGE_STANDARD = gnu11;
				GCC_DYNAMIC_NO_PIC = NO;
				GCC_NO_COMMON_BLOCKS = YES;
				GCC_OPTIMIZATION_LEVEL = 0;
				GCC_PREPROCESSOR_DEFINITIONS = (
					"DEBUG=1",
					"$(inherited)",
				);
				GCC_WARN_64_TO_32_BIT_CONVERSION = YES;
				GCC_WARN_ABOUT_RETURN_TYPE = YES_ERROR;
				GCC_WARN_UNDECLARED_SELECTOR = YES;
				GCC_WARN_UNINITIALIZED_AUTOS = YES_AGGRESSIVE;
				GCC_WARN_UNUSED_FUNCTION = YES;
				GCC_WARN_UNUSED_VARIABLE = YES;
				IPHONEOS_DEPLOYMENT_TARGET = 15.5;
				MTL_ENABLE_DEBUG_INFO = INCLUDE_SOURCE;
				MTL_FAST_MATH = YES;
				ONLY_ACTIVE_ARCH = YES;
				SDKROOT = iphoneos;
				SWIFT_ACTIVE_COMPILATION_CONDITIONS = DEBUG;
				SWIFT_OPTIMIZATION_LEVEL = "-Onone";
			};
			name = Debug;
		};
		98769FC828B8A77900DE421F /* Release */ = {
			isa = XCBuildConfiguration;
			buildSettings = {
				ALWAYS_SEARCH_USER_PATHS = NO;
				CLANG_ANALYZER_NONNULL = YES;
				CLANG_ANALYZER_NUMBER_OBJECT_CONVERSION = YES_AGGRESSIVE;
				CLANG_CXX_LANGUAGE_STANDARD = "gnu++17";
				CLANG_ENABLE_MODULES = YES;
				CLANG_ENABLE_OBJC_ARC = YES;
				CLANG_ENABLE_OBJC_WEAK = YES;
				CLANG_WARN_BLOCK_CAPTURE_AUTORELEASING = YES;
				CLANG_WARN_BOOL_CONVERSION = YES;
				CLANG_WARN_COMMA = YES;
				CLANG_WARN_CONSTANT_CONVERSION = YES;
				CLANG_WARN_DEPRECATED_OBJC_IMPLEMENTATIONS = YES;
				CLANG_WARN_DIRECT_OBJC_ISA_USAGE = YES_ERROR;
				CLANG_WARN_DOCUMENTATION_COMMENTS = YES;
				CLANG_WARN_EMPTY_BODY = YES;
				CLANG_WARN_ENUM_CONVERSION = YES;
				CLANG_WARN_INFINITE_RECURSION = YES;
				CLANG_WARN_INT_CONVERSION = YES;
				CLANG_WARN_NON_LITERAL_NULL_CONVERSION = YES;
				CLANG_WARN_OBJC_IMPLICIT_RETAIN_SELF = YES;
				CLANG_WARN_OBJC_LITERAL_CONVERSION = YES;
				CLANG_WARN_OBJC_ROOT_CLASS = YES_ERROR;
				CLANG_WARN_QUOTED_INCLUDE_IN_FRAMEWORK_HEADER = YES;
				CLANG_WARN_RANGE_LOOP_ANALYSIS = YES;
				CLANG_WARN_STRICT_PROTOTYPES = YES;
				CLANG_WARN_SUSPICIOUS_MOVE = YES;
				CLANG_WARN_UNGUARDED_AVAILABILITY = YES_AGGRESSIVE;
				CLANG_WARN_UNREACHABLE_CODE = YES;
				CLANG_WARN__DUPLICATE_METHOD_MATCH = YES;
				COPY_PHASE_STRIP = NO;
				DEBUG_INFORMATION_FORMAT = "dwarf-with-dsym";
				ENABLE_NS_ASSERTIONS = NO;
				ENABLE_STRICT_OBJC_MSGSEND = YES;
				GCC_C_LANGUAGE_STANDARD = gnu11;
				GCC_NO_COMMON_BLOCKS = YES;
				GCC_WARN_64_TO_32_BIT_CONVERSION = YES;
				GCC_WARN_ABOUT_RETURN_TYPE = YES_ERROR;
				GCC_WARN_UNDECLARED_SELECTOR = YES;
				GCC_WARN_UNINITIALIZED_AUTOS = YES_AGGRESSIVE;
				GCC_WARN_UNUSED_FUNCTION = YES;
				GCC_WARN_UNUSED_VARIABLE = YES;
				IPHONEOS_DEPLOYMENT_TARGET = 15.5;
				MTL_ENABLE_DEBUG_INFO = NO;
				MTL_FAST_MATH = YES;
				SDKROOT = iphoneos;
				SWIFT_COMPILATION_MODE = wholemodule;
				SWIFT_OPTIMIZATION_LEVEL = "-O";
				VALIDATE_PRODUCT = YES;
			};
			name = Release;
		};
		98769FCA28B8A77900DE421F /* Debug */ = {
			isa = XCBuildConfiguration;
			buildSettings = {
				ASSETCATALOG_COMPILER_APPICON_NAME = AppIcon;
				ASSETCATALOG_COMPILER_GLOBAL_ACCENT_COLOR_NAME = AccentColor;
				CODE_SIGN_STYLE = Automatic;
				CURRENT_PROJECT_VERSION = 1;
				DEVELOPMENT_TEAM = VSHQ8JA888;
				GENERATE_INFOPLIST_FILE = YES;
				INFOPLIST_FILE = Netflix_Assignment/Info.plist;
				INFOPLIST_KEY_UIApplicationSupportsIndirectInputEvents = YES;
				INFOPLIST_KEY_UILaunchStoryboardName = LaunchScreen;
				INFOPLIST_KEY_UIMainStoryboardFile = Main;
				INFOPLIST_KEY_UISupportedInterfaceOrientations_iPad = "UIInterfaceOrientationPortrait UIInterfaceOrientationPortraitUpsideDown UIInterfaceOrientationLandscapeLeft UIInterfaceOrientationLandscapeRight";
				INFOPLIST_KEY_UISupportedInterfaceOrientations_iPhone = "UIInterfaceOrientationPortrait UIInterfaceOrientationLandscapeLeft UIInterfaceOrientationLandscapeRight";
				LD_RUNPATH_SEARCH_PATHS = (
					"$(inherited)",
					"@executable_path/Frameworks",
				);
				MARKETING_VERSION = 1.0;
				PRODUCT_BUNDLE_IDENTIFIER = "com.taehwan.Netflix-Assignment";
				PRODUCT_NAME = "$(TARGET_NAME)";
				SWIFT_EMIT_LOC_STRINGS = YES;
				SWIFT_VERSION = 5.0;
				TARGETED_DEVICE_FAMILY = 1;
			};
			name = Debug;
		};
		98769FCB28B8A77900DE421F /* Release */ = {
			isa = XCBuildConfiguration;
			buildSettings = {
				ASSETCATALOG_COMPILER_APPICON_NAME = AppIcon;
				ASSETCATALOG_COMPILER_GLOBAL_ACCENT_COLOR_NAME = AccentColor;
				CODE_SIGN_STYLE = Automatic;
				CURRENT_PROJECT_VERSION = 1;
				DEVELOPMENT_TEAM = VSHQ8JA888;
				GENERATE_INFOPLIST_FILE = YES;
				INFOPLIST_FILE = Netflix_Assignment/Info.plist;
				INFOPLIST_KEY_UIApplicationSupportsIndirectInputEvents = YES;
				INFOPLIST_KEY_UILaunchStoryboardName = LaunchScreen;
				INFOPLIST_KEY_UIMainStoryboardFile = Main;
				INFOPLIST_KEY_UISupportedInterfaceOrientations_iPad = "UIInterfaceOrientationPortrait UIInterfaceOrientationPortraitUpsideDown UIInterfaceOrientationLandscapeLeft UIInterfaceOrientationLandscapeRight";
				INFOPLIST_KEY_UISupportedInterfaceOrientations_iPhone = "UIInterfaceOrientationPortrait UIInterfaceOrientationLandscapeLeft UIInterfaceOrientationLandscapeRight";
				LD_RUNPATH_SEARCH_PATHS = (
					"$(inherited)",
					"@executable_path/Frameworks",
				);
				MARKETING_VERSION = 1.0;
				PRODUCT_BUNDLE_IDENTIFIER = "com.taehwan.Netflix-Assignment";
				PRODUCT_NAME = "$(TARGET_NAME)";
				SWIFT_EMIT_LOC_STRINGS = YES;
				SWIFT_VERSION = 5.0;
				TARGETED_DEVICE_FAMILY = 1;
			};
			name = Release;
		};
/* End XCBuildConfiguration section */

/* Begin XCConfigurationList section */
		98769FB028B8A77700DE421F /* Build configuration list for PBXProject "Netflix_Assignment" */ = {
			isa = XCConfigurationList;
			buildConfigurations = (
				98769FC728B8A77900DE421F /* Debug */,
				98769FC828B8A77900DE421F /* Release */,
			);
			defaultConfigurationIsVisible = 0;
			defaultConfigurationName = Release;
		};
		98769FC928B8A77900DE421F /* Build configuration list for PBXNativeTarget "Netflix_Assignment" */ = {
			isa = XCConfigurationList;
			buildConfigurations = (
				98769FCA28B8A77900DE421F /* Debug */,
				98769FCB28B8A77900DE421F /* Release */,
			);
			defaultConfigurationIsVisible = 0;
			defaultConfigurationName = Release;
		};
/* End XCConfigurationList section */

/* Begin XCRemoteSwiftPackageReference section */
		98E8749828E43D1800F72435 /* XCRemoteSwiftPackageReference "SnapKit" */ = {
			isa = XCRemoteSwiftPackageReference;
			repositoryURL = "https://github.com/SnapKit/SnapKit.git";
			requirement = {
				kind = upToNextMajorVersion;
				minimumVersion = 5.0.0;
			};
		};
/* End XCRemoteSwiftPackageReference section */

/* Begin XCSwiftPackageProductDependency section */
		98E8749928E43D1800F72435 /* SnapKit */ = {
			isa = XCSwiftPackageProductDependency;
			package = 98E8749828E43D1800F72435 /* XCRemoteSwiftPackageReference "SnapKit" */;
			productName = SnapKit;
		};
/* End XCSwiftPackageProductDependency section */
	};
	rootObject = 98769FAD28B8A77700DE421F /* Project object */;
}
